# This file is automatically @generated by Cargo.
# It is not intended for manual editing.
version = 3

[[package]]
name = "cc"
version = "1.0.73"
source = "registry+https://github.com/rust-lang/crates.io-index"
checksum = "2fff2a6927b3bb87f9595d67196a70493f627687a71d87a0d692242c33f58c11"

[[package]]
name = "dec"
version = "0.4.8"
source = "registry+https://github.com/rust-lang/crates.io-index"
checksum = "cbdeb628adfc427c3f926528cf76daf4418453e103151739d48f79b8182cb41f"
dependencies = [
 "decnumber-sys",
 "libc",
 "static_assertions",
]

[[package]]
name = "decnumber-sys"
version = "0.1.5"
source = "registry+https://github.com/rust-lang/crates.io-index"
checksum = "76a99b958f19724bc0a2202086d135c2e7ed098e95cdae778546e965648fa47b"
dependencies = [
 "cc",
 "libc",
]

[[package]]
name = "error-propagation"
version = "0.1.0"
dependencies = [
 "dec",
]

[[package]]
name = "libc"
version = "0.2.118"
source = "registry+https://github.com/rust-lang/crates.io-index"
checksum = "06e509672465a0504304aa87f9f176f2b2b716ed8fb105ebe5c02dc6dce96a94"

[[package]]
name = "static_assertions"
version = "1.1.0"
source = "registry+https://github.com/rust-lang/crates.io-index"
checksum = "a2eb9349b6444b326872e140eb1cf5e7c522154d69e7a0ffb0fb81c06b37543f"
